
Microsoft Visual Studio Solution File, Format Version 12.00
# Visual Studio Version 17
VisualStudioVersion = 17.14.36310.24 d17.14
MinimumVisualStudioVersion = 10.0.40219.1
Project("{FAE04EC0-301F-11D3-BF4B-00C04F79EFBC}") = "Autoria02_Milena_2DDS", "Autoria02_Milena_2DDS\Autoria02_Milena_2DDS.csproj", "{D8E2F68C-89B8-4750-AC33-BB9ABBD1EEA8}"
EndProject
Global
	GlobalSection(SolutionConfigurationPlatforms) = preSolution
		Debug|Any CPU = Debug|Any CPU
		Release|Any CPU = Release|Any CPU
	EndGlobalSection
	GlobalSection(ProjectConfigurationPlatforms) = postSolution
		{D8E2F68C-89B8-4750-AC33-BB9ABBD1EEA8}.Debug|Any CPU.ActiveCfg = Debug|Any CPU
		{D8E2F68C-89B8-4750-AC33-BB9ABBD1EEA8}.Debug|Any CPU.Build.0 = Debug|Any CPU
		{D8E2F68C-89B8-4750-AC33-BB9ABBD1EEA8}.Release|Any CPU.ActiveCfg = Release|Any CPU
		{D8E2F68C-89B8-4750-AC33-BB9ABBD1EEA8}.Release|Any CPU.Build.0 = Release|Any CPU
	EndGlobalSection
	GlobalSection(SolutionProperties) = preSolution
		HideSolutionNode = FALSE
	EndGlobalSection
	GlobalSection(ExtensibilityGlobals) = postSolution
		SolutionGuid = {BB4237D7-6D7F-4F63-BF14-9E7514FE1DAD}
	EndGlobalSection
EndGlobal
