
Microsoft Visual Studio Solution File, Format Version 12.00
# Visual Studio Version 17
VisualStudioVersion = 17.14.36310.24 d17.14
MinimumVisualStudioVersion = 10.0.40219.1
Project("{FAE04EC0-301F-11D3-BF4B-00C04F79EFBC}") = "Autoria_Milena_2dds", "Autoria_Milena_2dds\Autoria_Milena_2dds.csproj", "{59947333-64CD-4CC2-B66D-9CEFCCE6E62F}"
EndProject
Global
	GlobalSection(SolutionConfigurationPlatforms) = preSolution
		Debug|Any CPU = Debug|Any CPU
		Release|Any CPU = Release|Any CPU
	EndGlobalSection
	GlobalSection(ProjectConfigurationPlatforms) = postSolution
		{59947333-64CD-4CC2-B66D-9CEFCCE6E62F}.Debug|Any CPU.ActiveCfg = Debug|Any CPU
		{59947333-64CD-4CC2-B66D-9CEFCCE6E62F}.Debug|Any CPU.Build.0 = Debug|Any CPU
		{59947333-64CD-4CC2-B66D-9CEFCCE6E62F}.Release|Any CPU.ActiveCfg = Release|Any CPU
		{59947333-64CD-4CC2-B66D-9CEFCCE6E62F}.Release|Any CPU.Build.0 = Release|Any CPU
	EndGlobalSection
	GlobalSection(SolutionProperties) = preSolution
		HideSolutionNode = FALSE
	EndGlobalSection
	GlobalSection(ExtensibilityGlobals) = postSolution
		SolutionGuid = {B5A31F9E-5793-4E5F-8A4B-1382DBE1E692}
	EndGlobalSection
EndGlobal
